
Microsoft Visual Studio Solution File, Format Version 12.00
# Visual Studio Version 17
VisualStudioVersion = 17.4.33213.308
MinimumVisualStudioVersion = 10.0.40219.1
Project("{FAE04EC0-301F-11D3-BF4B-00C04F79EFBC}") = "FisherMidtermB", "FisherMidtermB\FisherMidtermB.csproj", "{0D62B789-CFD0-431B-A151-1D5A67333F6E}"
EndProject
Global
	GlobalSection(SolutionConfigurationPlatforms) = preSolution
		Debug|Any CPU = Debug|Any CPU
		Release|Any CPU = Release|Any CPU
	EndGlobalSection
	GlobalSection(ProjectConfigurationPlatforms) = postSolution
		{0D62B789-CFD0-431B-A151-1D5A67333F6E}.Debug|Any CPU.ActiveCfg = Debug|Any CPU
		{0D62B789-CFD0-431B-A151-1D5A67333F6E}.Debug|Any CPU.Build.0 = Debug|Any CPU
		{0D62B789-CFD0-431B-A151-1D5A67333F6E}.Release|Any CPU.ActiveCfg = Release|Any CPU
		{0D62B789-CFD0-431B-A151-1D5A67333F6E}.Release|Any CPU.Build.0 = Release|Any CPU
	EndGlobalSection
	GlobalSection(SolutionProperties) = preSolution
		HideSolutionNode = FALSE
	EndGlobalSection
	GlobalSection(ExtensibilityGlobals) = postSolution
		SolutionGuid = {37C91704-8FA4-4F5C-AC62-61D61ADA9113}
	EndGlobalSection
EndGlobal
